
Microsoft Visual Studio Solution File, Format Version 12.00
# Visual Studio Version 17
VisualStudioVersion = 17.0.31903.59
MinimumVisualStudioVersion = 10.0.40219.1
Project("{FAE04EC0-301F-11D3-BF4B-00C04F79EFBC}") = "AOCLib", "AOCLib\AOCLib.csproj", "{6C2BCE2A-F46E-43FB-8E57-96CACCE2BAD6}"
EndProject
Project("{FAE04EC0-301F-11D3-BF4B-00C04F79EFBC}") = "AOCTests", "AOCTests\AOCTests.csproj", "{947E98C1-9DDF-48F7-83F6-BF4D517D94CF}"
EndProject
Project("{2150E333-8FDC-42A3-9474-1A3956D46DE8}") = "day1", "day1", "{6FEC4E15-EA6E-4321-A764-19BCDC1E2D08}"
EndProject
Project("{FAE04EC0-301F-11D3-BF4B-00C04F79EFBC}") = "Day1", "day1\Day1\Day1.csproj", "{9334747F-2F75-4852-B122-2E7AA37F5E52}"
EndProject
Project("{FAE04EC0-301F-11D3-BF4B-00C04F79EFBC}") = "Day2", "Day2\Day2.csproj", "{1D00C1BE-61A2-496C-A43F-BBD187257BD8}"
EndProject
Global
	GlobalSection(SolutionConfigurationPlatforms) = preSolution
		Debug|Any CPU = Debug|Any CPU
		Release|Any CPU = Release|Any CPU
	EndGlobalSection
	GlobalSection(SolutionProperties) = preSolution
		HideSolutionNode = FALSE
	EndGlobalSection
	GlobalSection(ProjectConfigurationPlatforms) = postSolution
		{6C2BCE2A-F46E-43FB-8E57-96CACCE2BAD6}.Debug|Any CPU.ActiveCfg = Debug|Any CPU
		{6C2BCE2A-F46E-43FB-8E57-96CACCE2BAD6}.Debug|Any CPU.Build.0 = Debug|Any CPU
		{6C2BCE2A-F46E-43FB-8E57-96CACCE2BAD6}.Release|Any CPU.ActiveCfg = Release|Any CPU
		{6C2BCE2A-F46E-43FB-8E57-96CACCE2BAD6}.Release|Any CPU.Build.0 = Release|Any CPU
		{947E98C1-9DDF-48F7-83F6-BF4D517D94CF}.Debug|Any CPU.ActiveCfg = Debug|Any CPU
		{947E98C1-9DDF-48F7-83F6-BF4D517D94CF}.Debug|Any CPU.Build.0 = Debug|Any CPU
		{947E98C1-9DDF-48F7-83F6-BF4D517D94CF}.Release|Any CPU.ActiveCfg = Release|Any CPU
		{947E98C1-9DDF-48F7-83F6-BF4D517D94CF}.Release|Any CPU.Build.0 = Release|Any CPU
		{9334747F-2F75-4852-B122-2E7AA37F5E52}.Debug|Any CPU.ActiveCfg = Debug|Any CPU
		{9334747F-2F75-4852-B122-2E7AA37F5E52}.Debug|Any CPU.Build.0 = Debug|Any CPU
		{9334747F-2F75-4852-B122-2E7AA37F5E52}.Release|Any CPU.ActiveCfg = Release|Any CPU
		{9334747F-2F75-4852-B122-2E7AA37F5E52}.Release|Any CPU.Build.0 = Release|Any CPU
		{1D00C1BE-61A2-496C-A43F-BBD187257BD8}.Debug|Any CPU.ActiveCfg = Debug|Any CPU
		{1D00C1BE-61A2-496C-A43F-BBD187257BD8}.Debug|Any CPU.Build.0 = Debug|Any CPU
		{1D00C1BE-61A2-496C-A43F-BBD187257BD8}.Release|Any CPU.ActiveCfg = Release|Any CPU
		{1D00C1BE-61A2-496C-A43F-BBD187257BD8}.Release|Any CPU.Build.0 = Release|Any CPU
	EndGlobalSection
	GlobalSection(NestedProjects) = preSolution
		{9334747F-2F75-4852-B122-2E7AA37F5E52} = {6FEC4E15-EA6E-4321-A764-19BCDC1E2D08}
	EndGlobalSection
EndGlobal
